
Microsoft Visual Studio Solution File, Format Version 12.00
# Visual Studio 14
VisualStudioVersion = 14.0.25123.0
MinimumVisualStudioVersion = 10.0.40219.1
Project("{FAE04EC0-301F-11D3-BF4B-00C04F79EFBC}") = "MatrixProject", "Matrix\MatrixProject.csproj", "{C0833CF3-246C-4BCE-9D14-60D3AEA8A836}"
EndProject
Project("{FAE04EC0-301F-11D3-BF4B-00C04F79EFBC}") = "MatrixUnitTest", "MatrixUnitTest\MatrixUnitTest.csproj", "{C2F144C7-49F5-44ED-BE13-2F5EE6B977E0}"
EndProject
Global
	GlobalSection(SolutionConfigurationPlatforms) = preSolution
		Debug|Any CPU = Debug|Any CPU
		Release|Any CPU = Release|Any CPU
	EndGlobalSection
	GlobalSection(ProjectConfigurationPlatforms) = postSolution
		{C0833CF3-246C-4BCE-9D14-60D3AEA8A836}.Debug|Any CPU.ActiveCfg = Debug|Any CPU
		{C0833CF3-246C-4BCE-9D14-60D3AEA8A836}.Debug|Any CPU.Build.0 = Debug|Any CPU
		{C0833CF3-246C-4BCE-9D14-60D3AEA8A836}.Release|Any CPU.ActiveCfg = Release|Any CPU
		{C0833CF3-246C-4BCE-9D14-60D3AEA8A836}.Release|Any CPU.Build.0 = Release|Any CPU
		{C2F144C7-49F5-44ED-BE13-2F5EE6B977E0}.Debug|Any CPU.ActiveCfg = Debug|Any CPU
		{C2F144C7-49F5-44ED-BE13-2F5EE6B977E0}.Debug|Any CPU.Build.0 = Debug|Any CPU
		{C2F144C7-49F5-44ED-BE13-2F5EE6B977E0}.Release|Any CPU.ActiveCfg = Release|Any CPU
		{C2F144C7-49F5-44ED-BE13-2F5EE6B977E0}.Release|Any CPU.Build.0 = Release|Any CPU
	EndGlobalSection
	GlobalSection(SolutionProperties) = preSolution
		HideSolutionNode = FALSE
	EndGlobalSection
EndGlobal
